
Microsoft Visual Studio Solution File, Format Version 12.00
# Visual Studio Version 17
VisualStudioVersion = 17.8.34525.116
MinimumVisualStudioVersion = 10.0.40219.1
Project("{2150E333-8FDC-42A3-9474-1A3956D46DE8}") = "src", "src", "{FA573D7E-1DA5-43D8-8128-9DD2BD43F7DC}"
EndProject
Project("{FAE04EC0-301F-11D3-BF4B-00C04F79EFBC}") = "OpenAPIDemo", "src\OpenAPIDemo\OpenAPIDemo.csproj", "{6B0AD19C-D2FC-4442-AA39-A2C301177E79}"
EndProject
Global
	GlobalSection(SolutionConfigurationPlatforms) = preSolution
		Debug|Any CPU = Debug|Any CPU
		Release|Any CPU = Release|Any CPU
	EndGlobalSection
	GlobalSection(ProjectConfigurationPlatforms) = postSolution
		{6B0AD19C-D2FC-4442-AA39-A2C301177E79}.Debug|Any CPU.ActiveCfg = Debug|Any CPU
		{6B0AD19C-D2FC-4442-AA39-A2C301177E79}.Debug|Any CPU.Build.0 = Debug|Any CPU
		{6B0AD19C-D2FC-4442-AA39-A2C301177E79}.Release|Any CPU.ActiveCfg = Release|Any CPU
		{6B0AD19C-D2FC-4442-AA39-A2C301177E79}.Release|Any CPU.Build.0 = Release|Any CPU
	EndGlobalSection
	GlobalSection(SolutionProperties) = preSolution
		HideSolutionNode = FALSE
	EndGlobalSection
	GlobalSection(NestedProjects) = preSolution
		{6B0AD19C-D2FC-4442-AA39-A2C301177E79} = {FA573D7E-1DA5-43D8-8128-9DD2BD43F7DC}
	EndGlobalSection
	GlobalSection(ExtensibilityGlobals) = postSolution
		SolutionGuid = {1E302532-62C5-46A5-BDBA-ACE147A42831}
	EndGlobalSection
EndGlobal
